{
  "name": "@mathscapes/geometric",
  "version": "0.2.4",
  "lockfileVersion": 2,
  "requires": true,
  "packages": {
    "": {
      "name": "@mathscapes/geometric",
      "version": "0.2.4",
      "license": "ISC",
      "dependencies": {
        "@luncheon/simplify-svg-path": "^0.1.4"
      }
    },
    "node_modules/@luncheon/simplify-svg-path": {
      "version": "0.1.4",
      "resolved": "https://registry.npmjs.org/@luncheon/simplify-svg-path/-/simplify-svg-path-0.1.4.tgz",
      "integrity": "sha512-Vb2qkwUWvS9Y/lu84Sn1gsMMWbcX0umOjjvjYYvdCtlQWAmlEky7XTdiY2ioKc1Gg32AyZW3wMqkp4Dy8I+9yA=="
    }
  },
  "dependencies": {
    "@luncheon/simplify-svg-path": {
      "version": "0.1.4",
      "resolved": "https://registry.npmjs.org/@luncheon/simplify-svg-path/-/simplify-svg-path-0.1.4.tgz",
      "integrity": "sha512-Vb2qkwUWvS9Y/lu84Sn1gsMMWbcX0umOjjvjYYvdCtlQWAmlEky7XTdiY2ioKc1Gg32AyZW3wMqkp4Dy8I+9yA=="
    }
  }
}
